# THIS IS AN AUTOGENERATED FILE. DO NOT EDIT THIS FILE DIRECTLY.
# yarn lockfile v1


"@figma/plugin-typings@^1.23.0":
  version "1.23.0"
  resolved "https://registry.yarnpkg.com/@figma/plugin-typings/-/plugin-typings-1.23.0.tgz#e82774264d2f72604856562cd7b021bd32e60852"
  integrity sha512-hKSQSyE4Lwb9GI0sL92YX8QvBAwsCkKGSIxLkEn3CDLSTtOjtTs/GKsQ8zUAFtcrr0KQLEYW0rBkGU3UVpPq/Q==

typescript@^4.2.4:
  version "4.2.4"
  resolved "https://registry.yarnpkg.com/typescript/-/typescript-4.2.4.tgz#8610b59747de028fda898a8aef0e103f156d0961"
  integrity sha512-V+evlYHZnQkaz8TRBuxTA92yZBPotr5H+WhQ7bD3hZUndx5tGOa1fuCgeSjxAzM1RiN5IzvadIXTVefuuwZCRg==
